
Microsoft Visual Studio Solution File, Format Version 12.00
# Visual Studio 15
VisualStudioVersion = 15.0.28010.2036
MinimumVisualStudioVersion = 10.0.40219.1
Project("{FAE04EC0-301F-11D3-BF4B-00C04F79EFBC}") = "WindowsFormsApp1", "WindowsFormsApp1\WindowsFormsApp1.csproj", "{FA6FE7B6-A76A-4081-A54A-343F6E0F4911}"
EndProject
Global
	GlobalSection(SolutionConfigurationPlatforms) = preSolution
		Debug|Any CPU = Debug|Any CPU
		Release|Any CPU = Release|Any CPU
	EndGlobalSection
	GlobalSection(ProjectConfigurationPlatforms) = postSolution
		{FA6FE7B6-A76A-4081-A54A-343F6E0F4911}.Debug|Any CPU.ActiveCfg = Debug|Any CPU
		{FA6FE7B6-A76A-4081-A54A-343F6E0F4911}.Debug|Any CPU.Build.0 = Debug|Any CPU
		{FA6FE7B6-A76A-4081-A54A-343F6E0F4911}.Release|Any CPU.ActiveCfg = Release|Any CPU
		{FA6FE7B6-A76A-4081-A54A-343F6E0F4911}.Release|Any CPU.Build.0 = Release|Any CPU
	EndGlobalSection
	GlobalSection(SolutionProperties) = preSolution
		HideSolutionNode = FALSE
	EndGlobalSection
	GlobalSection(ExtensibilityGlobals) = postSolution
		SolutionGuid = {E44639E4-D49B-4113-8F65-C67A30227DB2}
	EndGlobalSection
EndGlobal
