
Microsoft Visual Studio Solution File, Format Version 12.00
# Visual Studio Version 16
VisualStudioVersion = 16.0.29009.5
MinimumVisualStudioVersion = 10.0.40219.1
Project("{FAE04EC0-301F-11D3-BF4B-00C04F79EFBC}") = "WindowsFormsApp1", "WindowsFormsApp1\WindowsFormsApp1.csproj", "{73ED099B-95D8-47CB-BEE3-A8B64E911661}"
EndProject
Global
	GlobalSection(SolutionConfigurationPlatforms) = preSolution
		Debug|Any CPU = Debug|Any CPU
		Release|Any CPU = Release|Any CPU
	EndGlobalSection
	GlobalSection(ProjectConfigurationPlatforms) = postSolution
		{73ED099B-95D8-47CB-BEE3-A8B64E911661}.Debug|Any CPU.ActiveCfg = Debug|Any CPU
		{73ED099B-95D8-47CB-BEE3-A8B64E911661}.Debug|Any CPU.Build.0 = Debug|Any CPU
		{73ED099B-95D8-47CB-BEE3-A8B64E911661}.Release|Any CPU.ActiveCfg = Release|Any CPU
		{73ED099B-95D8-47CB-BEE3-A8B64E911661}.Release|Any CPU.Build.0 = Release|Any CPU
	EndGlobalSection
	GlobalSection(SolutionProperties) = preSolution
		HideSolutionNode = FALSE
	EndGlobalSection
	GlobalSection(ExtensibilityGlobals) = postSolution
		SolutionGuid = {75CD2982-C04B-4AB2-A4BC-79996DD3DBF0}
	EndGlobalSection
EndGlobal
