
Microsoft Visual Studio Solution File, Format Version 12.00
# Visual Studio Version 16
VisualStudioVersion = 16.0.29009.5
MinimumVisualStudioVersion = 10.0.40219.1
Project("{FAE04EC0-301F-11D3-BF4B-00C04F79EFBC}") = "WindowsFormsApp1", "WindowsFormsApp1\WindowsFormsApp1.csproj", "{D3003308-EA72-4790-9387-94679B3439FB}"
EndProject
Global
	GlobalSection(SolutionConfigurationPlatforms) = preSolution
		Debug|Any CPU = Debug|Any CPU
		Release|Any CPU = Release|Any CPU
	EndGlobalSection
	GlobalSection(ProjectConfigurationPlatforms) = postSolution
		{D3003308-EA72-4790-9387-94679B3439FB}.Debug|Any CPU.ActiveCfg = Debug|Any CPU
		{D3003308-EA72-4790-9387-94679B3439FB}.Debug|Any CPU.Build.0 = Debug|Any CPU
		{D3003308-EA72-4790-9387-94679B3439FB}.Release|Any CPU.ActiveCfg = Release|Any CPU
		{D3003308-EA72-4790-9387-94679B3439FB}.Release|Any CPU.Build.0 = Release|Any CPU
	EndGlobalSection
	GlobalSection(SolutionProperties) = preSolution
		HideSolutionNode = FALSE
	EndGlobalSection
	GlobalSection(ExtensibilityGlobals) = postSolution
		SolutionGuid = {141C86BE-3EBB-44F5-9014-2AA807A7D11C}
	EndGlobalSection
EndGlobal
