
Microsoft Visual Studio Solution File, Format Version 12.00
# Visual Studio Version 16
VisualStudioVersion = 16.0.29009.5
MinimumVisualStudioVersion = 10.0.40219.1
Project("{FAE04EC0-301F-11D3-BF4B-00C04F79EFBC}") = "WindowsFormsApp1", "WindowsFormsApp1\WindowsFormsApp1.csproj", "{8CB121F3-163F-4835-B143-AD5EDED57D75}"
EndProject
Global
	GlobalSection(SolutionConfigurationPlatforms) = preSolution
		Debug|Any CPU = Debug|Any CPU
		Release|Any CPU = Release|Any CPU
	EndGlobalSection
	GlobalSection(ProjectConfigurationPlatforms) = postSolution
		{8CB121F3-163F-4835-B143-AD5EDED57D75}.Debug|Any CPU.ActiveCfg = Debug|Any CPU
		{8CB121F3-163F-4835-B143-AD5EDED57D75}.Debug|Any CPU.Build.0 = Debug|Any CPU
		{8CB121F3-163F-4835-B143-AD5EDED57D75}.Release|Any CPU.ActiveCfg = Release|Any CPU
		{8CB121F3-163F-4835-B143-AD5EDED57D75}.Release|Any CPU.Build.0 = Release|Any CPU
	EndGlobalSection
	GlobalSection(SolutionProperties) = preSolution
		HideSolutionNode = FALSE
	EndGlobalSection
	GlobalSection(ExtensibilityGlobals) = postSolution
		SolutionGuid = {DCB89174-F17E-4F3B-A302-FE13DEAAFF5A}
	EndGlobalSection
EndGlobal
