
Microsoft Visual Studio Solution File, Format Version 12.00
# Visual Studio Version 16
VisualStudioVersion = 16.0.29009.5
MinimumVisualStudioVersion = 10.0.40219.1
Project("{FAE04EC0-301F-11D3-BF4B-00C04F79EFBC}") = "WindowsFormsApp1", "WindowsFormsApp1\WindowsFormsApp1.csproj", "{8EF5B45A-07DC-4611-9FCA-69C6B5609B00}"
EndProject
Global
	GlobalSection(SolutionConfigurationPlatforms) = preSolution
		Debug|Any CPU = Debug|Any CPU
		Release|Any CPU = Release|Any CPU
	EndGlobalSection
	GlobalSection(ProjectConfigurationPlatforms) = postSolution
		{8EF5B45A-07DC-4611-9FCA-69C6B5609B00}.Debug|Any CPU.ActiveCfg = Debug|Any CPU
		{8EF5B45A-07DC-4611-9FCA-69C6B5609B00}.Debug|Any CPU.Build.0 = Debug|Any CPU
		{8EF5B45A-07DC-4611-9FCA-69C6B5609B00}.Release|Any CPU.ActiveCfg = Release|Any CPU
		{8EF5B45A-07DC-4611-9FCA-69C6B5609B00}.Release|Any CPU.Build.0 = Release|Any CPU
	EndGlobalSection
	GlobalSection(SolutionProperties) = preSolution
		HideSolutionNode = FALSE
	EndGlobalSection
	GlobalSection(ExtensibilityGlobals) = postSolution
		SolutionGuid = {517E2A1A-AC88-4C15-A386-DBEBE6494738}
	EndGlobalSection
EndGlobal
