
Microsoft Visual Studio Solution File, Format Version 12.00
# Visual Studio Version 16
VisualStudioVersion = 16.0.29009.5
MinimumVisualStudioVersion = 10.0.40219.1
Project("{FAE04EC0-301F-11D3-BF4B-00C04F79EFBC}") = "WindowsFormsApp1", "WindowsFormsApp1\WindowsFormsApp1.csproj", "{B0510E2C-73F0-4BB3-BFE9-57464B94A3EE}"
EndProject
Global
	GlobalSection(SolutionConfigurationPlatforms) = preSolution
		Debug|Any CPU = Debug|Any CPU
		Release|Any CPU = Release|Any CPU
	EndGlobalSection
	GlobalSection(ProjectConfigurationPlatforms) = postSolution
		{B0510E2C-73F0-4BB3-BFE9-57464B94A3EE}.Debug|Any CPU.ActiveCfg = Debug|Any CPU
		{B0510E2C-73F0-4BB3-BFE9-57464B94A3EE}.Debug|Any CPU.Build.0 = Debug|Any CPU
		{B0510E2C-73F0-4BB3-BFE9-57464B94A3EE}.Release|Any CPU.ActiveCfg = Release|Any CPU
		{B0510E2C-73F0-4BB3-BFE9-57464B94A3EE}.Release|Any CPU.Build.0 = Release|Any CPU
	EndGlobalSection
	GlobalSection(SolutionProperties) = preSolution
		HideSolutionNode = FALSE
	EndGlobalSection
	GlobalSection(ExtensibilityGlobals) = postSolution
		SolutionGuid = {B7B7DB27-DB97-40C1-807D-3473FF5D5E34}
	EndGlobalSection
EndGlobal
