
Microsoft Visual Studio Solution File, Format Version 12.00
# Visual Studio Version 16
VisualStudioVersion = 16.0.29009.5
MinimumVisualStudioVersion = 10.0.40219.1
Project("{FAE04EC0-301F-11D3-BF4B-00C04F79EFBC}") = "WindowsFormsApp1", "WindowsFormsApp1\WindowsFormsApp1.csproj", "{2D2DFF60-197A-4401-921E-69E65F6C8EB3}"
EndProject
Global
	GlobalSection(SolutionConfigurationPlatforms) = preSolution
		Debug|Any CPU = Debug|Any CPU
		Release|Any CPU = Release|Any CPU
	EndGlobalSection
	GlobalSection(ProjectConfigurationPlatforms) = postSolution
		{2D2DFF60-197A-4401-921E-69E65F6C8EB3}.Debug|Any CPU.ActiveCfg = Debug|Any CPU
		{2D2DFF60-197A-4401-921E-69E65F6C8EB3}.Debug|Any CPU.Build.0 = Debug|Any CPU
		{2D2DFF60-197A-4401-921E-69E65F6C8EB3}.Release|Any CPU.ActiveCfg = Release|Any CPU
		{2D2DFF60-197A-4401-921E-69E65F6C8EB3}.Release|Any CPU.Build.0 = Release|Any CPU
	EndGlobalSection
	GlobalSection(SolutionProperties) = preSolution
		HideSolutionNode = FALSE
	EndGlobalSection
	GlobalSection(ExtensibilityGlobals) = postSolution
		SolutionGuid = {F5C0400F-C60C-46C8-91BA-49A558E5208E}
	EndGlobalSection
EndGlobal
