
Microsoft Visual Studio Solution File, Format Version 12.00
# Visual Studio 15
VisualStudioVersion = 15.0.28010.2036
MinimumVisualStudioVersion = 10.0.40219.1
Project("{FAE04EC0-301F-11D3-BF4B-00C04F79EFBC}") = "WindowsFormsApp1", "WindowsFormsApp1\WindowsFormsApp1.csproj", "{B8A4DD73-3F8A-4C80-9033-9FD5DB8A3FDA}"
EndProject
Global
	GlobalSection(SolutionConfigurationPlatforms) = preSolution
		Debug|Any CPU = Debug|Any CPU
		Release|Any CPU = Release|Any CPU
	EndGlobalSection
	GlobalSection(ProjectConfigurationPlatforms) = postSolution
		{B8A4DD73-3F8A-4C80-9033-9FD5DB8A3FDA}.Debug|Any CPU.ActiveCfg = Debug|Any CPU
		{B8A4DD73-3F8A-4C80-9033-9FD5DB8A3FDA}.Debug|Any CPU.Build.0 = Debug|Any CPU
		{B8A4DD73-3F8A-4C80-9033-9FD5DB8A3FDA}.Release|Any CPU.ActiveCfg = Release|Any CPU
		{B8A4DD73-3F8A-4C80-9033-9FD5DB8A3FDA}.Release|Any CPU.Build.0 = Release|Any CPU
	EndGlobalSection
	GlobalSection(SolutionProperties) = preSolution
		HideSolutionNode = FALSE
	EndGlobalSection
	GlobalSection(ExtensibilityGlobals) = postSolution
		SolutionGuid = {33C93FB6-0995-4117-8F80-8E292CA6352C}
	EndGlobalSection
EndGlobal
