
Microsoft Visual Studio Solution File, Format Version 12.00
# Visual Studio Version 16
VisualStudioVersion = 16.0.29009.5
MinimumVisualStudioVersion = 10.0.40219.1
Project("{FAE04EC0-301F-11D3-BF4B-00C04F79EFBC}") = "WindowsFormsApp1", "WindowsFormsApp1\WindowsFormsApp1.csproj", "{0B44530B-369A-4561-833A-543A3B1EEE99}"
EndProject
Global
	GlobalSection(SolutionConfigurationPlatforms) = preSolution
		Debug|Any CPU = Debug|Any CPU
		Release|Any CPU = Release|Any CPU
	EndGlobalSection
	GlobalSection(ProjectConfigurationPlatforms) = postSolution
		{0B44530B-369A-4561-833A-543A3B1EEE99}.Debug|Any CPU.ActiveCfg = Debug|Any CPU
		{0B44530B-369A-4561-833A-543A3B1EEE99}.Debug|Any CPU.Build.0 = Debug|Any CPU
		{0B44530B-369A-4561-833A-543A3B1EEE99}.Release|Any CPU.ActiveCfg = Release|Any CPU
		{0B44530B-369A-4561-833A-543A3B1EEE99}.Release|Any CPU.Build.0 = Release|Any CPU
	EndGlobalSection
	GlobalSection(SolutionProperties) = preSolution
		HideSolutionNode = FALSE
	EndGlobalSection
	GlobalSection(ExtensibilityGlobals) = postSolution
		SolutionGuid = {3DDFD268-85A2-44FB-A64E-3AA50F2C6F6E}
	EndGlobalSection
EndGlobal
