
Microsoft Visual Studio Solution File, Format Version 12.00
# Visual Studio Version 17
VisualStudioVersion = 17.4.33403.182
MinimumVisualStudioVersion = 10.0.40219.1
Project("{FAE04EC0-301F-11D3-BF4B-00C04F79EFBC}") = "work2023", "work2023.csproj", "{EA93AEF3-6B97-45ED-8384-E1AA5152F6F5}"
EndProject
Global
	GlobalSection(SolutionConfigurationPlatforms) = preSolution
		Debug|Any CPU = Debug|Any CPU
		Release|Any CPU = Release|Any CPU
	EndGlobalSection
	GlobalSection(ProjectConfigurationPlatforms) = postSolution
		{EA93AEF3-6B97-45ED-8384-E1AA5152F6F5}.Debug|Any CPU.ActiveCfg = Debug|Any CPU
		{EA93AEF3-6B97-45ED-8384-E1AA5152F6F5}.Debug|Any CPU.Build.0 = Debug|Any CPU
		{EA93AEF3-6B97-45ED-8384-E1AA5152F6F5}.Release|Any CPU.ActiveCfg = Release|Any CPU
		{EA93AEF3-6B97-45ED-8384-E1AA5152F6F5}.Release|Any CPU.Build.0 = Release|Any CPU
	EndGlobalSection
	GlobalSection(SolutionProperties) = preSolution
		HideSolutionNode = FALSE
	EndGlobalSection
	GlobalSection(ExtensibilityGlobals) = postSolution
		SolutionGuid = {837C4E9A-DBF8-4226-89F3-DFFEAD6D313E}
	EndGlobalSection
EndGlobal
