
Microsoft Visual Studio Solution File, Format Version 12.00
# Visual Studio Version 16
VisualStudioVersion = 16.0.29009.5
MinimumVisualStudioVersion = 10.0.40219.1
Project("{FAE04EC0-301F-11D3-BF4B-00C04F79EFBC}") = "WindowsFormsApp1", "WindowsFormsApp1\WindowsFormsApp1.csproj", "{44F81126-6C03-42B4-8828-C09FB2209F18}"
EndProject
Global
	GlobalSection(SolutionConfigurationPlatforms) = preSolution
		Debug|Any CPU = Debug|Any CPU
		Release|Any CPU = Release|Any CPU
	EndGlobalSection
	GlobalSection(ProjectConfigurationPlatforms) = postSolution
		{44F81126-6C03-42B4-8828-C09FB2209F18}.Debug|Any CPU.ActiveCfg = Debug|Any CPU
		{44F81126-6C03-42B4-8828-C09FB2209F18}.Debug|Any CPU.Build.0 = Debug|Any CPU
		{44F81126-6C03-42B4-8828-C09FB2209F18}.Release|Any CPU.ActiveCfg = Release|Any CPU
		{44F81126-6C03-42B4-8828-C09FB2209F18}.Release|Any CPU.Build.0 = Release|Any CPU
	EndGlobalSection
	GlobalSection(SolutionProperties) = preSolution
		HideSolutionNode = FALSE
	EndGlobalSection
	GlobalSection(ExtensibilityGlobals) = postSolution
		SolutionGuid = {3E7E6C8D-ABD0-4A20-A7CD-1F0CEAE4D845}
	EndGlobalSection
EndGlobal
