
Microsoft Visual Studio Solution File, Format Version 12.00
# Visual Studio Version 16
VisualStudioVersion = 16.0.29009.5
MinimumVisualStudioVersion = 10.0.40219.1
Project("{FAE04EC0-301F-11D3-BF4B-00C04F79EFBC}") = "WindowsFormsApp1", "WindowsFormsApp1\WindowsFormsApp1.csproj", "{48928196-B455-40D5-A411-1659E2F7DC93}"
EndProject
Global
	GlobalSection(SolutionConfigurationPlatforms) = preSolution
		Debug|Any CPU = Debug|Any CPU
		Release|Any CPU = Release|Any CPU
	EndGlobalSection
	GlobalSection(ProjectConfigurationPlatforms) = postSolution
		{48928196-B455-40D5-A411-1659E2F7DC93}.Debug|Any CPU.ActiveCfg = Debug|Any CPU
		{48928196-B455-40D5-A411-1659E2F7DC93}.Debug|Any CPU.Build.0 = Debug|Any CPU
		{48928196-B455-40D5-A411-1659E2F7DC93}.Release|Any CPU.ActiveCfg = Release|Any CPU
		{48928196-B455-40D5-A411-1659E2F7DC93}.Release|Any CPU.Build.0 = Release|Any CPU
	EndGlobalSection
	GlobalSection(SolutionProperties) = preSolution
		HideSolutionNode = FALSE
	EndGlobalSection
	GlobalSection(ExtensibilityGlobals) = postSolution
		SolutionGuid = {BC3C918D-5BF4-407E-89BF-DC29538FEC46}
	EndGlobalSection
EndGlobal
