
Microsoft Visual Studio Solution File, Format Version 12.00
# Visual Studio Version 16
VisualStudioVersion = 16.0.29009.5
MinimumVisualStudioVersion = 10.0.40219.1
Project("{FAE04EC0-301F-11D3-BF4B-00C04F79EFBC}") = "WindowsFormsApp1", "WindowsFormsApp1\WindowsFormsApp1.csproj", "{A6236DD6-9E81-43DB-8EC8-6204B36485AF}"
EndProject
Global
	GlobalSection(SolutionConfigurationPlatforms) = preSolution
		Debug|Any CPU = Debug|Any CPU
		Release|Any CPU = Release|Any CPU
	EndGlobalSection
	GlobalSection(ProjectConfigurationPlatforms) = postSolution
		{A6236DD6-9E81-43DB-8EC8-6204B36485AF}.Debug|Any CPU.ActiveCfg = Debug|Any CPU
		{A6236DD6-9E81-43DB-8EC8-6204B36485AF}.Debug|Any CPU.Build.0 = Debug|Any CPU
		{A6236DD6-9E81-43DB-8EC8-6204B36485AF}.Release|Any CPU.ActiveCfg = Release|Any CPU
		{A6236DD6-9E81-43DB-8EC8-6204B36485AF}.Release|Any CPU.Build.0 = Release|Any CPU
	EndGlobalSection
	GlobalSection(SolutionProperties) = preSolution
		HideSolutionNode = FALSE
	EndGlobalSection
	GlobalSection(ExtensibilityGlobals) = postSolution
		SolutionGuid = {EBF93F35-9098-4889-98BB-00FF9595FC29}
	EndGlobalSection
EndGlobal
