
Microsoft Visual Studio Solution File, Format Version 12.00
# Visual Studio Version 16
VisualStudioVersion = 16.0.29009.5
MinimumVisualStudioVersion = 10.0.40219.1
Project("{FAE04EC0-301F-11D3-BF4B-00C04F79EFBC}") = "WindowsFormsApp1", "WindowsFormsApp1\WindowsFormsApp1.csproj", "{3B4AA1CB-024F-4D54-9B3C-03431D3E0170}"
EndProject
Global
	GlobalSection(SolutionConfigurationPlatforms) = preSolution
		Debug|Any CPU = Debug|Any CPU
		Release|Any CPU = Release|Any CPU
	EndGlobalSection
	GlobalSection(ProjectConfigurationPlatforms) = postSolution
		{3B4AA1CB-024F-4D54-9B3C-03431D3E0170}.Debug|Any CPU.ActiveCfg = Debug|Any CPU
		{3B4AA1CB-024F-4D54-9B3C-03431D3E0170}.Debug|Any CPU.Build.0 = Debug|Any CPU
		{3B4AA1CB-024F-4D54-9B3C-03431D3E0170}.Release|Any CPU.ActiveCfg = Release|Any CPU
		{3B4AA1CB-024F-4D54-9B3C-03431D3E0170}.Release|Any CPU.Build.0 = Release|Any CPU
	EndGlobalSection
	GlobalSection(SolutionProperties) = preSolution
		HideSolutionNode = FALSE
	EndGlobalSection
	GlobalSection(ExtensibilityGlobals) = postSolution
		SolutionGuid = {021699D9-74A3-45C2-9977-695E3DD99520}
	EndGlobalSection
EndGlobal
