
Microsoft Visual Studio Solution File, Format Version 12.00
# Visual Studio Version 16
VisualStudioVersion = 16.0.29009.5
MinimumVisualStudioVersion = 10.0.40219.1
Project("{FAE04EC0-301F-11D3-BF4B-00C04F79EFBC}") = "WindowsFormsApp1", "WindowsFormsApp1\WindowsFormsApp1.csproj", "{834DAE3B-33E0-4AF2-B5F3-7B4A47E404DD}"
EndProject
Global
	GlobalSection(SolutionConfigurationPlatforms) = preSolution
		Debug|Any CPU = Debug|Any CPU
		Release|Any CPU = Release|Any CPU
	EndGlobalSection
	GlobalSection(ProjectConfigurationPlatforms) = postSolution
		{834DAE3B-33E0-4AF2-B5F3-7B4A47E404DD}.Debug|Any CPU.ActiveCfg = Debug|Any CPU
		{834DAE3B-33E0-4AF2-B5F3-7B4A47E404DD}.Debug|Any CPU.Build.0 = Debug|Any CPU
		{834DAE3B-33E0-4AF2-B5F3-7B4A47E404DD}.Release|Any CPU.ActiveCfg = Release|Any CPU
		{834DAE3B-33E0-4AF2-B5F3-7B4A47E404DD}.Release|Any CPU.Build.0 = Release|Any CPU
	EndGlobalSection
	GlobalSection(SolutionProperties) = preSolution
		HideSolutionNode = FALSE
	EndGlobalSection
	GlobalSection(ExtensibilityGlobals) = postSolution
		SolutionGuid = {498ECBAA-999B-4000-AFD6-40463DF946C9}
	EndGlobalSection
EndGlobal
