
Microsoft Visual Studio Solution File, Format Version 12.00
# Visual Studio Version 16
VisualStudioVersion = 16.0.29009.5
MinimumVisualStudioVersion = 10.0.40219.1
Project("{FAE04EC0-301F-11D3-BF4B-00C04F79EFBC}") = "WindowsFormsApp1", "WindowsFormsApp1\WindowsFormsApp1.csproj", "{0C0EA98A-EA8C-4B18-B17F-28E19A1DE34D}"
EndProject
Global
	GlobalSection(SolutionConfigurationPlatforms) = preSolution
		Debug|Any CPU = Debug|Any CPU
		Release|Any CPU = Release|Any CPU
	EndGlobalSection
	GlobalSection(ProjectConfigurationPlatforms) = postSolution
		{0C0EA98A-EA8C-4B18-B17F-28E19A1DE34D}.Debug|Any CPU.ActiveCfg = Debug|Any CPU
		{0C0EA98A-EA8C-4B18-B17F-28E19A1DE34D}.Debug|Any CPU.Build.0 = Debug|Any CPU
		{0C0EA98A-EA8C-4B18-B17F-28E19A1DE34D}.Release|Any CPU.ActiveCfg = Release|Any CPU
		{0C0EA98A-EA8C-4B18-B17F-28E19A1DE34D}.Release|Any CPU.Build.0 = Release|Any CPU
	EndGlobalSection
	GlobalSection(SolutionProperties) = preSolution
		HideSolutionNode = FALSE
	EndGlobalSection
	GlobalSection(ExtensibilityGlobals) = postSolution
		SolutionGuid = {02CB3813-E567-4025-9BBE-E8259F771698}
	EndGlobalSection
EndGlobal
