
Microsoft Visual Studio Solution File, Format Version 12.00
# Visual Studio Version 17
VisualStudioVersion = 17.4.33213.308
MinimumVisualStudioVersion = 10.0.40219.1
Project("{FAE04EC0-301F-11D3-BF4B-00C04F79EFBC}") = "Windowsform_week12_penguin", "Windowsform_week12_penguin\Windowsform_week12_penguin.csproj", "{FA8614D2-12E1-4307-AD76-3B3DF69C25A0}"
EndProject
Global
	GlobalSection(SolutionConfigurationPlatforms) = preSolution
		Debug|Any CPU = Debug|Any CPU
		Release|Any CPU = Release|Any CPU
	EndGlobalSection
	GlobalSection(ProjectConfigurationPlatforms) = postSolution
		{FA8614D2-12E1-4307-AD76-3B3DF69C25A0}.Debug|Any CPU.ActiveCfg = Debug|Any CPU
		{FA8614D2-12E1-4307-AD76-3B3DF69C25A0}.Debug|Any CPU.Build.0 = Debug|Any CPU
		{FA8614D2-12E1-4307-AD76-3B3DF69C25A0}.Release|Any CPU.ActiveCfg = Release|Any CPU
		{FA8614D2-12E1-4307-AD76-3B3DF69C25A0}.Release|Any CPU.Build.0 = Release|Any CPU
	EndGlobalSection
	GlobalSection(SolutionProperties) = preSolution
		HideSolutionNode = FALSE
	EndGlobalSection
	GlobalSection(ExtensibilityGlobals) = postSolution
		SolutionGuid = {DB540682-F75B-4A6B-AD38-555B88EF9F44}
	EndGlobalSection
EndGlobal
