
Microsoft Visual Studio Solution File, Format Version 12.00
# Visual Studio Version 16
VisualStudioVersion = 16.0.29009.5
MinimumVisualStudioVersion = 10.0.40219.1
Project("{FAE04EC0-301F-11D3-BF4B-00C04F79EFBC}") = "WindowsFormsApp1", "WindowsFormsApp1\WindowsFormsApp1.csproj", "{1006F91F-AA89-4001-9B88-CC1C2A96E589}"
EndProject
Global
	GlobalSection(SolutionConfigurationPlatforms) = preSolution
		Debug|Any CPU = Debug|Any CPU
		Release|Any CPU = Release|Any CPU
	EndGlobalSection
	GlobalSection(ProjectConfigurationPlatforms) = postSolution
		{1006F91F-AA89-4001-9B88-CC1C2A96E589}.Debug|Any CPU.ActiveCfg = Debug|Any CPU
		{1006F91F-AA89-4001-9B88-CC1C2A96E589}.Debug|Any CPU.Build.0 = Debug|Any CPU
		{1006F91F-AA89-4001-9B88-CC1C2A96E589}.Release|Any CPU.ActiveCfg = Release|Any CPU
		{1006F91F-AA89-4001-9B88-CC1C2A96E589}.Release|Any CPU.Build.0 = Release|Any CPU
	EndGlobalSection
	GlobalSection(SolutionProperties) = preSolution
		HideSolutionNode = FALSE
	EndGlobalSection
	GlobalSection(ExtensibilityGlobals) = postSolution
		SolutionGuid = {9601A0CF-B2A2-4087-A66D-A5A8A779D01A}
	EndGlobalSection
EndGlobal
