
Microsoft Visual Studio Solution File, Format Version 12.00
# Visual Studio Version 16
VisualStudioVersion = 16.0.29009.5
MinimumVisualStudioVersion = 10.0.40219.1
Project("{FAE04EC0-301F-11D3-BF4B-00C04F79EFBC}") = "WindowsFormsApp1", "WindowsFormsApp1\WindowsFormsApp1.csproj", "{C07F3861-452F-4A15-8712-FB045EFE2DAB}"
EndProject
Global
	GlobalSection(SolutionConfigurationPlatforms) = preSolution
		Debug|Any CPU = Debug|Any CPU
		Release|Any CPU = Release|Any CPU
	EndGlobalSection
	GlobalSection(ProjectConfigurationPlatforms) = postSolution
		{C07F3861-452F-4A15-8712-FB045EFE2DAB}.Debug|Any CPU.ActiveCfg = Debug|Any CPU
		{C07F3861-452F-4A15-8712-FB045EFE2DAB}.Debug|Any CPU.Build.0 = Debug|Any CPU
		{C07F3861-452F-4A15-8712-FB045EFE2DAB}.Release|Any CPU.ActiveCfg = Release|Any CPU
		{C07F3861-452F-4A15-8712-FB045EFE2DAB}.Release|Any CPU.Build.0 = Release|Any CPU
	EndGlobalSection
	GlobalSection(SolutionProperties) = preSolution
		HideSolutionNode = FALSE
	EndGlobalSection
	GlobalSection(ExtensibilityGlobals) = postSolution
		SolutionGuid = {DE293DCA-C293-4EBA-8ED4-AEEBF0494A87}
	EndGlobalSection
EndGlobal
