
Microsoft Visual Studio Solution File, Format Version 12.00
# Visual Studio Version 16
VisualStudioVersion = 16.0.29009.5
MinimumVisualStudioVersion = 10.0.40219.1
Project("{FAE04EC0-301F-11D3-BF4B-00C04F79EFBC}") = "WindowsFormsApp1", "WindowsFormsApp1\WindowsFormsApp1.csproj", "{BA37217B-6313-4B55-BEFB-301CA634DAB7}"
EndProject
Global
	GlobalSection(SolutionConfigurationPlatforms) = preSolution
		Debug|Any CPU = Debug|Any CPU
		Release|Any CPU = Release|Any CPU
	EndGlobalSection
	GlobalSection(ProjectConfigurationPlatforms) = postSolution
		{BA37217B-6313-4B55-BEFB-301CA634DAB7}.Debug|Any CPU.ActiveCfg = Debug|Any CPU
		{BA37217B-6313-4B55-BEFB-301CA634DAB7}.Debug|Any CPU.Build.0 = Debug|Any CPU
		{BA37217B-6313-4B55-BEFB-301CA634DAB7}.Release|Any CPU.ActiveCfg = Release|Any CPU
		{BA37217B-6313-4B55-BEFB-301CA634DAB7}.Release|Any CPU.Build.0 = Release|Any CPU
	EndGlobalSection
	GlobalSection(SolutionProperties) = preSolution
		HideSolutionNode = FALSE
	EndGlobalSection
	GlobalSection(ExtensibilityGlobals) = postSolution
		SolutionGuid = {0302F426-8E0D-40F9-8A36-52C15081E020}
	EndGlobalSection
EndGlobal
