
Microsoft Visual Studio Solution File, Format Version 12.00
# Visual Studio Version 16
VisualStudioVersion = 16.0.29009.5
MinimumVisualStudioVersion = 10.0.40219.1
Project("{FAE04EC0-301F-11D3-BF4B-00C04F79EFBC}") = "WindowsFormsApp1", "WindowsFormsApp1\WindowsFormsApp1.csproj", "{1A396D87-1DE4-4BAD-8631-08D9CD07F70B}"
EndProject
Global
	GlobalSection(SolutionConfigurationPlatforms) = preSolution
		Debug|Any CPU = Debug|Any CPU
		Release|Any CPU = Release|Any CPU
	EndGlobalSection
	GlobalSection(ProjectConfigurationPlatforms) = postSolution
		{1A396D87-1DE4-4BAD-8631-08D9CD07F70B}.Debug|Any CPU.ActiveCfg = Debug|Any CPU
		{1A396D87-1DE4-4BAD-8631-08D9CD07F70B}.Debug|Any CPU.Build.0 = Debug|Any CPU
		{1A396D87-1DE4-4BAD-8631-08D9CD07F70B}.Release|Any CPU.ActiveCfg = Release|Any CPU
		{1A396D87-1DE4-4BAD-8631-08D9CD07F70B}.Release|Any CPU.Build.0 = Release|Any CPU
	EndGlobalSection
	GlobalSection(SolutionProperties) = preSolution
		HideSolutionNode = FALSE
	EndGlobalSection
	GlobalSection(ExtensibilityGlobals) = postSolution
		SolutionGuid = {BF861E85-856D-4D45-83CC-9F2F1D1E427C}
	EndGlobalSection
EndGlobal
