
Microsoft Visual Studio Solution File, Format Version 12.00
# Visual Studio Version 16
VisualStudioVersion = 16.0.29009.5
MinimumVisualStudioVersion = 10.0.40219.1
Project("{FAE04EC0-301F-11D3-BF4B-00C04F79EFBC}") = "WindowsFormsApp1", "WindowsFormsApp1\WindowsFormsApp1.csproj", "{0C00D88A-B51B-46F6-A0AC-D1E7E349D01F}"
EndProject
Global
	GlobalSection(SolutionConfigurationPlatforms) = preSolution
		Debug|Any CPU = Debug|Any CPU
		Release|Any CPU = Release|Any CPU
	EndGlobalSection
	GlobalSection(ProjectConfigurationPlatforms) = postSolution
		{0C00D88A-B51B-46F6-A0AC-D1E7E349D01F}.Debug|Any CPU.ActiveCfg = Debug|Any CPU
		{0C00D88A-B51B-46F6-A0AC-D1E7E349D01F}.Debug|Any CPU.Build.0 = Debug|Any CPU
		{0C00D88A-B51B-46F6-A0AC-D1E7E349D01F}.Release|Any CPU.ActiveCfg = Release|Any CPU
		{0C00D88A-B51B-46F6-A0AC-D1E7E349D01F}.Release|Any CPU.Build.0 = Release|Any CPU
	EndGlobalSection
	GlobalSection(SolutionProperties) = preSolution
		HideSolutionNode = FALSE
	EndGlobalSection
	GlobalSection(ExtensibilityGlobals) = postSolution
		SolutionGuid = {E52D6D3A-39A0-4994-ACAE-CE0DFE5BBFB4}
	EndGlobalSection
EndGlobal
