
Microsoft Visual Studio Solution File, Format Version 12.00
# Visual Studio Version 16
VisualStudioVersion = 16.0.29009.5
MinimumVisualStudioVersion = 10.0.40219.1
Project("{FAE04EC0-301F-11D3-BF4B-00C04F79EFBC}") = "WindowsFormsApp1", "WindowsFormsApp1\WindowsFormsApp1.csproj", "{AB5E64FB-FB3A-430A-8A8F-C2D43223A148}"
EndProject
Global
	GlobalSection(SolutionConfigurationPlatforms) = preSolution
		Debug|Any CPU = Debug|Any CPU
		Release|Any CPU = Release|Any CPU
	EndGlobalSection
	GlobalSection(ProjectConfigurationPlatforms) = postSolution
		{AB5E64FB-FB3A-430A-8A8F-C2D43223A148}.Debug|Any CPU.ActiveCfg = Debug|Any CPU
		{AB5E64FB-FB3A-430A-8A8F-C2D43223A148}.Debug|Any CPU.Build.0 = Debug|Any CPU
		{AB5E64FB-FB3A-430A-8A8F-C2D43223A148}.Release|Any CPU.ActiveCfg = Release|Any CPU
		{AB5E64FB-FB3A-430A-8A8F-C2D43223A148}.Release|Any CPU.Build.0 = Release|Any CPU
	EndGlobalSection
	GlobalSection(SolutionProperties) = preSolution
		HideSolutionNode = FALSE
	EndGlobalSection
	GlobalSection(ExtensibilityGlobals) = postSolution
		SolutionGuid = {69C1FA10-5620-4D2D-B9C1-FB3FC3D60768}
	EndGlobalSection
EndGlobal
