
Microsoft Visual Studio Solution File, Format Version 12.00
# Visual Studio Version 16
VisualStudioVersion = 16.0.29009.5
MinimumVisualStudioVersion = 10.0.40219.1
Project("{FAE04EC0-301F-11D3-BF4B-00C04F79EFBC}") = "WindowsFormsApp1", "WindowsFormsApp1\WindowsFormsApp1.csproj", "{09598342-49A4-428A-867C-5E24492F1D4C}"
EndProject
Global
	GlobalSection(SolutionConfigurationPlatforms) = preSolution
		Debug|Any CPU = Debug|Any CPU
		Release|Any CPU = Release|Any CPU
	EndGlobalSection
	GlobalSection(ProjectConfigurationPlatforms) = postSolution
		{09598342-49A4-428A-867C-5E24492F1D4C}.Debug|Any CPU.ActiveCfg = Debug|Any CPU
		{09598342-49A4-428A-867C-5E24492F1D4C}.Debug|Any CPU.Build.0 = Debug|Any CPU
		{09598342-49A4-428A-867C-5E24492F1D4C}.Release|Any CPU.ActiveCfg = Release|Any CPU
		{09598342-49A4-428A-867C-5E24492F1D4C}.Release|Any CPU.Build.0 = Release|Any CPU
	EndGlobalSection
	GlobalSection(SolutionProperties) = preSolution
		HideSolutionNode = FALSE
	EndGlobalSection
	GlobalSection(ExtensibilityGlobals) = postSolution
		SolutionGuid = {CFB48525-03AA-49D0-AB95-642EDAB84D2A}
	EndGlobalSection
EndGlobal
