
Microsoft Visual Studio Solution File, Format Version 12.00
# Visual Studio Version 17
VisualStudioVersion = 17.4.33213.308
MinimumVisualStudioVersion = 10.0.40219.1
Project("{FAE04EC0-301F-11D3-BF4B-00C04F79EFBC}") = "模板", "模板\模板.csproj", "{D910C570-63AA-48E6-88B3-D081778F3D16}"
EndProject
Global
	GlobalSection(SolutionConfigurationPlatforms) = preSolution
		Debug|Any CPU = Debug|Any CPU
		Release|Any CPU = Release|Any CPU
	EndGlobalSection
	GlobalSection(ProjectConfigurationPlatforms) = postSolution
		{D910C570-63AA-48E6-88B3-D081778F3D16}.Debug|Any CPU.ActiveCfg = Debug|Any CPU
		{D910C570-63AA-48E6-88B3-D081778F3D16}.Debug|Any CPU.Build.0 = Debug|Any CPU
		{D910C570-63AA-48E6-88B3-D081778F3D16}.Release|Any CPU.ActiveCfg = Release|Any CPU
		{D910C570-63AA-48E6-88B3-D081778F3D16}.Release|Any CPU.Build.0 = Release|Any CPU
	EndGlobalSection
	GlobalSection(SolutionProperties) = preSolution
		HideSolutionNode = FALSE
	EndGlobalSection
	GlobalSection(ExtensibilityGlobals) = postSolution
		SolutionGuid = {6C1A18A8-E746-47A9-BCB9-964EFAF73932}
	EndGlobalSection
EndGlobal
