
Microsoft Visual Studio Solution File, Format Version 12.00
# Visual Studio Version 16
VisualStudioVersion = 16.0.29009.5
MinimumVisualStudioVersion = 10.0.40219.1
Project("{FAE04EC0-301F-11D3-BF4B-00C04F79EFBC}") = "WindowsFormsApp1", "WindowsFormsApp1\WindowsFormsApp1.csproj", "{7841E96C-D682-475E-B24F-1DCBF8EEDDB4}"
EndProject
Global
	GlobalSection(SolutionConfigurationPlatforms) = preSolution
		Debug|Any CPU = Debug|Any CPU
		Release|Any CPU = Release|Any CPU
	EndGlobalSection
	GlobalSection(ProjectConfigurationPlatforms) = postSolution
		{7841E96C-D682-475E-B24F-1DCBF8EEDDB4}.Debug|Any CPU.ActiveCfg = Debug|Any CPU
		{7841E96C-D682-475E-B24F-1DCBF8EEDDB4}.Debug|Any CPU.Build.0 = Debug|Any CPU
		{7841E96C-D682-475E-B24F-1DCBF8EEDDB4}.Release|Any CPU.ActiveCfg = Release|Any CPU
		{7841E96C-D682-475E-B24F-1DCBF8EEDDB4}.Release|Any CPU.Build.0 = Release|Any CPU
	EndGlobalSection
	GlobalSection(SolutionProperties) = preSolution
		HideSolutionNode = FALSE
	EndGlobalSection
	GlobalSection(ExtensibilityGlobals) = postSolution
		SolutionGuid = {CE2346B7-115B-4722-A81D-A401A69A53AB}
	EndGlobalSection
EndGlobal
