
Microsoft Visual Studio Solution File, Format Version 12.00
# Visual Studio Version 16
VisualStudioVersion = 16.0.29009.5
MinimumVisualStudioVersion = 10.0.40219.1
Project("{FAE04EC0-301F-11D3-BF4B-00C04F79EFBC}") = "WindowsFormsApp1", "WindowsFormsApp1\WindowsFormsApp1.csproj", "{F1A94606-BF13-4222-9AC9-D6312A4AC384}"
EndProject
Global
	GlobalSection(SolutionConfigurationPlatforms) = preSolution
		Debug|Any CPU = Debug|Any CPU
		Release|Any CPU = Release|Any CPU
	EndGlobalSection
	GlobalSection(ProjectConfigurationPlatforms) = postSolution
		{F1A94606-BF13-4222-9AC9-D6312A4AC384}.Debug|Any CPU.ActiveCfg = Debug|Any CPU
		{F1A94606-BF13-4222-9AC9-D6312A4AC384}.Debug|Any CPU.Build.0 = Debug|Any CPU
		{F1A94606-BF13-4222-9AC9-D6312A4AC384}.Release|Any CPU.ActiveCfg = Release|Any CPU
		{F1A94606-BF13-4222-9AC9-D6312A4AC384}.Release|Any CPU.Build.0 = Release|Any CPU
	EndGlobalSection
	GlobalSection(SolutionProperties) = preSolution
		HideSolutionNode = FALSE
	EndGlobalSection
	GlobalSection(ExtensibilityGlobals) = postSolution
		SolutionGuid = {CC3408D7-2000-4BDA-8C64-8981BB3A80E4}
	EndGlobalSection
EndGlobal
