
Microsoft Visual Studio Solution File, Format Version 12.00
# Visual Studio Version 16
VisualStudioVersion = 16.0.29009.5
MinimumVisualStudioVersion = 10.0.40219.1
Project("{FAE04EC0-301F-11D3-BF4B-00C04F79EFBC}") = "WindowsFormsApp1", "WindowsFormsApp1\WindowsFormsApp1.csproj", "{D25479EF-8C5D-4015-A85E-C412E6CCFB42}"
EndProject
Global
	GlobalSection(SolutionConfigurationPlatforms) = preSolution
		Debug|Any CPU = Debug|Any CPU
		Release|Any CPU = Release|Any CPU
	EndGlobalSection
	GlobalSection(ProjectConfigurationPlatforms) = postSolution
		{D25479EF-8C5D-4015-A85E-C412E6CCFB42}.Debug|Any CPU.ActiveCfg = Debug|Any CPU
		{D25479EF-8C5D-4015-A85E-C412E6CCFB42}.Debug|Any CPU.Build.0 = Debug|Any CPU
		{D25479EF-8C5D-4015-A85E-C412E6CCFB42}.Release|Any CPU.ActiveCfg = Release|Any CPU
		{D25479EF-8C5D-4015-A85E-C412E6CCFB42}.Release|Any CPU.Build.0 = Release|Any CPU
	EndGlobalSection
	GlobalSection(SolutionProperties) = preSolution
		HideSolutionNode = FALSE
	EndGlobalSection
	GlobalSection(ExtensibilityGlobals) = postSolution
		SolutionGuid = {EA6BC3B5-4C88-4F97-A324-3C416720CF25}
	EndGlobalSection
EndGlobal
