
Microsoft Visual Studio Solution File, Format Version 12.00
# Visual Studio Version 16
VisualStudioVersion = 16.0.29009.5
MinimumVisualStudioVersion = 10.0.40219.1
Project("{FAE04EC0-301F-11D3-BF4B-00C04F79EFBC}") = "WindowsFormsApp1", "WindowsFormsApp1\WindowsFormsApp1.csproj", "{B72C2A34-6C16-4D01-AAE7-FD7B2012C46D}"
EndProject
Global
	GlobalSection(SolutionConfigurationPlatforms) = preSolution
		Debug|Any CPU = Debug|Any CPU
		Release|Any CPU = Release|Any CPU
	EndGlobalSection
	GlobalSection(ProjectConfigurationPlatforms) = postSolution
		{B72C2A34-6C16-4D01-AAE7-FD7B2012C46D}.Debug|Any CPU.ActiveCfg = Debug|Any CPU
		{B72C2A34-6C16-4D01-AAE7-FD7B2012C46D}.Debug|Any CPU.Build.0 = Debug|Any CPU
		{B72C2A34-6C16-4D01-AAE7-FD7B2012C46D}.Release|Any CPU.ActiveCfg = Release|Any CPU
		{B72C2A34-6C16-4D01-AAE7-FD7B2012C46D}.Release|Any CPU.Build.0 = Release|Any CPU
	EndGlobalSection
	GlobalSection(SolutionProperties) = preSolution
		HideSolutionNode = FALSE
	EndGlobalSection
	GlobalSection(ExtensibilityGlobals) = postSolution
		SolutionGuid = {1C77AA2D-38AC-46DF-98A1-CF6CBE5AA193}
	EndGlobalSection
EndGlobal
